// !$*UTF8*$!
{
	archiveVersion = 1;
	classes = {
	};
	objectVersion = 56;
	objects = {

/* Begin PBXBuildFile section */
		CD1072F1298F095C00E6775A /* Jalapen_oApp.swift in Sources */ = {isa = PBXBuildFile; fileRef = CD1072F0298F095C00E6775A /* Jalapen_oApp.swift */; };
		CD1072F3298F095C00E6775A /* ContentView.swift in Sources */ = {isa = PBXBuildFile; fileRef = CD1072F2298F095C00E6775A /* ContentView.swift */; };
		CD1072F5298F095D00E6775A /* Assets.xcassets in Resources */ = {isa = PBXBuildFile; fileRef = CD1072F4298F095D00E6775A /* Assets.xcassets */; };
		CD1072F8298F095D00E6775A /* Preview Assets.xcassets in Resources */ = {isa = PBXBuildFile; fileRef = CD1072F7298F095D00E6775A /* Preview Assets.xcassets */; };
		CD107303298F095D00E6775A /* Jalapen_oTests.swift in Sources */ = {isa = PBXBuildFile; fileRef = CD107302298F095D00E6775A /* Jalapen_oTests.swift */; };
		CD10730D298F095D00E6775A /* Jalapen_oUITests.swift in Sources */ = {isa = PBXBuildFile; fileRef = CD10730C298F095D00E6775A /* Jalapen_oUITests.swift */; };
		CD10730F298F095D00E6775A /* Jalapen_oUITestsLaunchTests.swift in Sources */ = {isa = PBXBuildFile; fileRef = CD10730E298F095D00E6775A /* Jalapen_oUITestsLaunchTests.swift */; };
		CDB35222298F13D2007E44AE /* LibJalapeño in Frameworks */ = {isa = PBXBuildFile; productRef = CDB35221298F13D2007E44AE /* LibJalapeño */; };
/* End PBXBuildFile section */

/* Begin PBXContainerItemProxy section */
		CD1072FF298F095D00E6775A /* PBXContainerItemProxy */ = {
			isa = PBXContainerItemProxy;
			containerPortal = CD1072E5298F095C00E6775A /* Project object */;
			proxyType = 1;
			remoteGlobalIDString = CD1072EC298F095C00E6775A;
			remoteInfo = "Jalapeño";
		};
		CD107309298F095D00E6775A /* PBXContainerItemProxy */ = {
			isa = PBXContainerItemProxy;
			containerPortal = CD1072E5298F095C00E6775A /* Project object */;
			proxyType = 1;
			remoteGlobalIDString = CD1072EC298F095C00E6775A;
			remoteInfo = "Jalapeño";
		};
/* End PBXContainerItemProxy section */

/* Begin PBXFileReference section */
		CD1072ED298F095C00E6775A /* Jalapeño.app */ = {isa = PBXFileReference; explicitFileType = wrapper.application; includeInIndex = 0; path = "Jalapeño.app"; sourceTree = BUILT_PRODUCTS_DIR; };
		CD1072F0298F095C00E6775A /* Jalapen_oApp.swift */ = {isa = PBXFileReference; lastKnownFileType = sourcecode.swift; path = Jalapen_oApp.swift; sourceTree = "<group>"; };
		CD1072F2298F095C00E6775A /* ContentView.swift */ = {isa = PBXFileReference; lastKnownFileType = sourcecode.swift; path = ContentView.swift; sourceTree = "<group>"; };
		CD1072F4298F095D00E6775A /* Assets.xcassets */ = {isa = PBXFileReference; lastKnownFileType = folder.assetcatalog; path = Assets.xcassets; sourceTree = "<group>"; };
		CD1072F7298F095D00E6775A /* Preview Assets.xcassets */ = {isa = PBXFileReference; lastKnownFileType = folder.assetcatalog; path = "Preview Assets.xcassets"; sourceTree = "<group>"; };
		CD1072F9298F095D00E6775A /* Jalapen_o.entitlements */ = {isa = PBXFileReference; lastKnownFileType = text.plist.entitlements; path = Jalapen_o.entitlements; sourceTree = "<group>"; };
		CD1072FE298F095D00E6775A /* JalapeñoTests.xctest */ = {isa = PBXFileReference; explicitFileType = wrapper.cfbundle; includeInIndex = 0; path = "JalapeñoTests.xctest"; sourceTree = BUILT_PRODUCTS_DIR; };
		CD107302298F095D00E6775A /* Jalapen_oTests.swift */ = {isa = PBXFileReference; lastKnownFileType = sourcecode.swift; path = Jalapen_oTests.swift; sourceTree = "<group>"; };
		CD107308298F095D00E6775A /* JalapeñoUITests.xctest */ = {isa = PBXFileReference; explicitFileType = wrapper.cfbundle; includeInIndex = 0; path = "JalapeñoUITests.xctest"; sourceTree = BUILT_PRODUCTS_DIR; };
		CD10730C298F095D00E6775A /* Jalapen_oUITests.swift */ = {isa = PBXFileReference; lastKnownFileType = sourcecode.swift; path = Jalapen_oUITests.swift; sourceTree = "<group>"; };
		CD10730E298F095D00E6775A /* Jalapen_oUITestsLaunchTests.swift */ = {isa = PBXFileReference; lastKnownFileType = sourcecode.swift; path = Jalapen_oUITestsLaunchTests.swift; sourceTree = "<group>"; };
		CDB35220298F13C8007E44AE /* Jalapen-o-Info.plist */ = {isa = PBXFileReference; lastKnownFileType = text.plist; path = "Jalapen-o-Info.plist"; sourceTree = SOURCE_ROOT; };
/* End PBXFileReference section */

/* Begin PBXFrameworksBuildPhase section */
		CD1072EA298F095C00E6775A /* Frameworks */ = {
			isa = PBXFrameworksBuildPhase;
			buildActionMask = 2147483647;
			files = (
				CDB35222298F13D2007E44AE /* LibJalapeño in Frameworks */,
			);
			runOnlyForDeploymentPostprocessing = 0;
		};
		CD1072FB298F095D00E6775A /* Frameworks */ = {
			isa = PBXFrameworksBuildPhase;
			buildActionMask = 2147483647;
			files = (
			);
			runOnlyForDeploymentPostprocessing = 0;
		};
		CD107305298F095D00E6775A /* Frameworks */ = {
			isa = PBXFrameworksBuildPhase;
			buildActionMask = 2147483647;
			files = (
			);
			runOnlyForDeploymentPostprocessing = 0;
		};
/* End PBXFrameworksBuildPhase section */

/* Begin PBXGroup section */
		CD1072E4298F095C00E6775A = {
			isa = PBXGroup;
			children = (
				CD1072EF298F095C00E6775A /* Jalapeño */,
				CD107301298F095D00E6775A /* JalapeñoTests */,
				CD10730B298F095D00E6775A /* JalapeñoUITests */,
				CD1072EE298F095C00E6775A /* Products */,
				CDB3521C298F134F007E44AE /* Frameworks */,
			);
			sourceTree = "<group>";
		};
		CD1072EE298F095C00E6775A /* Products */ = {
			isa = PBXGroup;
			children = (
				CD1072ED298F095C00E6775A /* Jalapeño.app */,
				CD1072FE298F095D00E6775A /* JalapeñoTests.xctest */,
				CD107308298F095D00E6775A /* JalapeñoUITests.xctest */,
			);
			name = Products;
			sourceTree = "<group>";
		};
		CD1072EF298F095C00E6775A /* Jalapeño */ = {
			isa = PBXGroup;
			children = (
				CDB35220298F13C8007E44AE /* Jalapen-o-Info.plist */,
				CD1072F0298F095C00E6775A /* Jalapen_oApp.swift */,
				CD1072F2298F095C00E6775A /* ContentView.swift */,
				CD1072F4298F095D00E6775A /* Assets.xcassets */,
				CD1072F9298F095D00E6775A /* Jalapen_o.entitlements */,
				CD1072F6298F095D00E6775A /* Preview Content */,
			);
			path = "Jalapeño";
			sourceTree = "<group>";
		};
		CD1072F6298F095D00E6775A /* Preview Content */ = {
			isa = PBXGroup;
			children = (
				CD1072F7298F095D00E6775A /* Preview Assets.xcassets */,
			);
			path = "Preview Content";
			sourceTree = "<group>";
		};
		CD107301298F095D00E6775A /* JalapeñoTests */ = {
			isa = PBXGroup;
			children = (
				CD107302298F095D00E6775A /* Jalapen_oTests.swift */,
			);
			path = "JalapeñoTests";
			sourceTree = "<group>";
		};
		CD10730B298F095D00E6775A /* JalapeñoUITests */ = {
			isa = PBXGroup;
			children = (
				CD10730C298F095D00E6775A /* Jalapen_oUITests.swift */,
				CD10730E298F095D00E6775A /* Jalapen_oUITestsLaunchTests.swift */,
			);
			path = "JalapeñoUITests";
			sourceTree = "<group>";
		};
		CDB3521C298F134F007E44AE /* Frameworks */ = {
			isa = PBXGroup;
			children = (
			);
			name = Frameworks;
			sourceTree = "<group>";
		};
/* End PBXGroup section */

/* Begin PBXNativeTarget section */
		CD1072EC298F095C00E6775A /* Jalapeño */ = {
			isa = PBXNativeTarget;
			buildConfigurationList = CD107312298F095D00E6775A /* Build configuration list for PBXNativeTarget "Jalapeño" */;
			buildPhases = (
				CD1072E9298F095C00E6775A /* Sources */,
				CD1072EA298F095C00E6775A /* Frameworks */,
				CD1072EB298F095C00E6775A /* Resources */,
			);
			buildRules = (
			);
			dependencies = (
			);
			name = "Jalapeño";
			packageProductDependencies = (
				CDB35221298F13D2007E44AE /* LibJalapeño */,
			);
			productName = "Jalapeño";
			productReference = CD1072ED298F095C00E6775A /* Jalapeño.app */;
			productType = "com.apple.product-type.application";
		};
		CD1072FD298F095D00E6775A /* JalapeñoTests */ = {
			isa = PBXNativeTarget;
			buildConfigurationList = CD107315298F095D00E6775A /* Build configuration list for PBXNativeTarget "JalapeñoTests" */;
			buildPhases = (
				CD1072FA298F095D00E6775A /* Sources */,
				CD1072FB298F095D00E6775A /* Frameworks */,
				CD1072FC298F095D00E6775A /* Resources */,
			);
			buildRules = (
			);
			dependencies = (
				CD107300298F095D00E6775A /* PBXTargetDependency */,
			);
			name = "JalapeñoTests";
			productName = "JalapeñoTests";
			productReference = CD1072FE298F095D00E6775A /* JalapeñoTests.xctest */;
			productType = "com.apple.product-type.bundle.unit-test";
		};
		CD107307298F095D00E6775A /* JalapeñoUITests */ = {
			isa = PBXNativeTarget;
			buildConfigurationList = CD107318298F095D00E6775A /* Build configuration list for PBXNativeTarget "JalapeñoUITests" */;
			buildPhases = (
				CD107304298F095D00E6775A /* Sources */,
				CD107305298F095D00E6775A /* Frameworks */,
				CD107306298F095D00E6775A /* Resources */,
			);
			buildRules = (
			);
			dependencies = (
				CD10730A298F095D00E6775A /* PBXTargetDependency */,
			);
			name = "JalapeñoUITests";
			productName = "JalapeñoUITests";
			productReference = CD107308298F095D00E6775A /* JalapeñoUITests.xctest */;
			productType = "com.apple.product-type.bundle.ui-testing";
		};
/* End PBXNativeTarget section */

/* Begin PBXProject section */
		CD1072E5298F095C00E6775A /* Project object */ = {
			isa = PBXProject;
			attributes = {
				BuildIndependentTargetsInParallel = 1;
				LastSwiftUpdateCheck = 1420;
				LastUpgradeCheck = 1420;
				TargetAttributes = {
					CD1072EC298F095C00E6775A = {
						CreatedOnToolsVersion = 14.2;
					};
					CD1072FD298F095D00E6775A = {
						CreatedOnToolsVersion = 14.2;
						TestTargetID = CD1072EC298F095C00E6775A;
					};
					CD107307298F095D00E6775A = {
						CreatedOnToolsVersion = 14.2;
						TestTargetID = CD1072EC298F095C00E6775A;
					};
				};
			};
			buildConfigurationList = CD1072E8298F095C00E6775A /* Build configuration list for PBXProject "Jalapeño" */;
			compatibilityVersion = "Xcode 14.0";
			developmentRegion = en;
			hasScannedForEncodings = 0;
			knownRegions = (
				en,
				Base,
			);
			mainGroup = CD1072E4298F095C00E6775A;
			productRefGroup = CD1072EE298F095C00E6775A /* Products */;
			projectDirPath = "";
			projectRoot = "";
			targets = (
				CD1072EC298F095C00E6775A /* Jalapeño */,
				CD1072FD298F095D00E6775A /* JalapeñoTests */,
				CD107307298F095D00E6775A /* JalapeñoUITests */,
			);
		};
/* End PBXProject section */

/* Begin PBXResourcesBuildPhase section */
		CD1072EB298F095C00E6775A /* Resources */ = {
			isa = PBXResourcesBuildPhase;
			buildActionMask = 2147483647;
			files = (
				CD1072F8298F095D00E6775A /* Preview Assets.xcassets in Resources */,
				CD1072F5298F095D00E6775A /* Assets.xcassets in Resources */,
			);
			runOnlyForDeploymentPostprocessing = 0;
		};
		CD1072FC298F095D00E6775A /* Resources */ = {
			isa = PBXResourcesBuildPhase;
			buildActionMask = 2147483647;
			files = (
			);
			runOnlyForDeploymentPostprocessing = 0;
		};
		CD107306298F095D00E6775A /* Resources */ = {
			isa = PBXResourcesBuildPhase;
			buildActionMask = 2147483647;
			files = (
			);
			runOnlyForDeploymentPostprocessing = 0;
		};
/* End PBXResourcesBuildPhase section */

/* Begin PBXSourcesBuildPhase section */
		CD1072E9298F095C00E6775A /* Sources */ = {
			isa = PBXSourcesBuildPhase;
			buildActionMask = 2147483647;
			files = (
				CD1072F3298F095C00E6775A /* ContentView.swift in Sources */,
				CD1072F1298F095C00E6775A /* Jalapen_oApp.swift in Sources */,
			);
			runOnlyForDeploymentPostprocessing = 0;
		};
		CD1072FA298F095D00E6775A /* Sources */ = {
			isa = PBXSourcesBuildPhase;
			buildActionMask = 2147483647;
			files = (
				CD107303298F095D00E6775A /* Jalapen_oTests.swift in Sources */,
			);
			runOnlyForDeploymentPostprocessing = 0;
		};
		CD107304298F095D00E6775A /* Sources */ = {
			isa = PBXSourcesBuildPhase;
			buildActionMask = 2147483647;
			files = (
				CD10730F298F095D00E6775A /* Jalapen_oUITestsLaunchTests.swift in Sources */,
				CD10730D298F095D00E6775A /* Jalapen_oUITests.swift in Sources */,
			);
			runOnlyForDeploymentPostprocessing = 0;
		};
/* End PBXSourcesBuildPhase section */

/* Begin PBXTargetDependency section */
		CD107300298F095D00E6775A /* PBXTargetDependency */ = {
			isa = PBXTargetDependency;
			target = CD1072EC298F095C00E6775A /* Jalapeño */;
			targetProxy = CD1072FF298F095D00E6775A /* PBXContainerItemProxy */;
		};
		CD10730A298F095D00E6775A /* PBXTargetDependency */ = {
			isa = PBXTargetDependency;
			target = CD1072EC298F095C00E6775A /* Jalapeño */;
			targetProxy = CD107309298F095D00E6775A /* PBXContainerItemProxy */;
		};
/* End PBXTargetDependency section */

/* Begin XCBuildConfiguration section */
		CD107310298F095D00E6775A /* Debug */ = {
			isa = XCBuildConfiguration;
			buildSettings = {
				ALWAYS_SEARCH_USER_PATHS = NO;
				CLANG_ANALYZER_NONNULL = YES;
				CLANG_ANALYZER_NUMBER_OBJECT_CONVERSION = YES_AGGRESSIVE;
				CLANG_CXX_LANGUAGE_STANDARD = "gnu++20";
				CLANG_ENABLE_MODULES = YES;
				CLANG_ENABLE_OBJC_ARC = YES;
				CLANG_ENABLE_OBJC_WEAK = YES;
				CLANG_WARN_BLOCK_CAPTURE_AUTORELEASING = YES;
				CLANG_WARN_BOOL_CONVERSION = YES;
				CLANG_WARN_COMMA = YES;
				CLANG_WARN_CONSTANT_CONVERSION = YES;
				CLANG_WARN_DEPRECATED_OBJC_IMPLEMENTATIONS = YES;
				CLANG_WARN_DIRECT_OBJC_ISA_USAGE = YES_ERROR;
				CLANG_WARN_DOCUMENTATION_COMMENTS = YES;
				CLANG_WARN_EMPTY_BODY = YES;
				CLANG_WARN_ENUM_CONVERSION = YES;
				CLANG_WARN_INFINITE_RECURSION = YES;
				CLANG_WARN_INT_CONVERSION = YES;
				CLANG_WARN_NON_LITERAL_NULL_CONVERSION = YES;
				CLANG_WARN_OBJC_IMPLICIT_RETAIN_SELF = YES;
				CLANG_WARN_OBJC_LITERAL_CONVERSION = YES;
				CLANG_WARN_OBJC_ROOT_CLASS = YES_ERROR;
				CLANG_WARN_QUOTED_INCLUDE_IN_FRAMEWORK_HEADER = YES;
				CLANG_WARN_RANGE_LOOP_ANALYSIS = YES;
				CLANG_WARN_STRICT_PROTOTYPES = YES;
				CLANG_WARN_SUSPICIOUS_MOVE = YES;
				CLANG_WARN_UNGUARDED_AVAILABILITY = YES_AGGRESSIVE;
				CLANG_WARN_UNREACHABLE_CODE = YES;
				CLANG_WARN__DUPLICATE_METHOD_MATCH = YES;
				COPY_PHASE_STRIP = NO;
				DEBUG_INFORMATION_FORMAT = dwarf;
				ENABLE_STRICT_OBJC_MSGSEND = YES;
				ENABLE_TESTABILITY = YES;
				GCC_C_LANGUAGE_STANDARD = gnu11;
				GCC_DYNAMIC_NO_PIC = NO;
				GCC_NO_COMMON_BLOCKS = YES;
				GCC_OPTIMIZATION_LEVEL = 0;
				GCC_PREPROCESSOR_DEFINITIONS = (
					"DEBUG=1",
					"$(inherited)",
				);
				GCC_WARN_64_TO_32_BIT_CONVERSION = YES;
				GCC_WARN_ABOUT_RETURN_TYPE = YES_ERROR;
				GCC_WARN_UNDECLARED_SELECTOR = YES;
				GCC_WARN_UNINITIALIZED_AUTOS = YES_AGGRESSIVE;
				GCC_WARN_UNUSED_FUNCTION = YES;
				GCC_WARN_UNUSED_VARIABLE = YES;
				MACOSX_DEPLOYMENT_TARGET = 13.1;
				MTL_ENABLE_DEBUG_INFO = INCLUDE_SOURCE;
				MTL_FAST_MATH = YES;
				ONLY_ACTIVE_ARCH = YES;
				SDKROOT = macosx;
				SWIFT_ACTIVE_COMPILATION_CONDITIONS = DEBUG;
				SWIFT_OPTIMIZATION_LEVEL = "-Onone";
			};
			name = Debug;
		};
		CD107311298F095D00E6775A /* Release */ = {
			isa = XCBuildConfiguration;
			buildSettings = {
				ALWAYS_SEARCH_USER_PATHS = NO;
				CLANG_ANALYZER_NONNULL = YES;
				CLANG_ANALYZER_NUMBER_OBJECT_CONVERSION = YES_AGGRESSIVE;
				CLANG_CXX_LANGUAGE_STANDARD = "gnu++20";
				CLANG_ENABLE_MODULES = YES;
				CLANG_ENABLE_OBJC_ARC = YES;
				CLANG_ENABLE_OBJC_WEAK = YES;
				CLANG_WARN_BLOCK_CAPTURE_AUTORELEASING = YES;
				CLANG_WARN_BOOL_CONVERSION = YES;
				CLANG_WARN_COMMA = YES;
				CLANG_WARN_CONSTANT_CONVERSION = YES;
				CLANG_WARN_DEPRECATED_OBJC_IMPLEMENTATIONS = YES;
				CLANG_WARN_DIRECT_OBJC_ISA_USAGE = YES_ERROR;
				CLANG_WARN_DOCUMENTATION_COMMENTS = YES;
				CLANG_WARN_EMPTY_BODY = YES;
				CLANG_WARN_ENUM_CONVERSION = YES;
				CLANG_WARN_INFINITE_RECURSION = YES;
				CLANG_WARN_INT_CONVERSION = YES;
				CLANG_WARN_NON_LITERAL_NULL_CONVERSION = YES;
				CLANG_WARN_OBJC_IMPLICIT_RETAIN_SELF = YES;
				CLANG_WARN_OBJC_LITERAL_CONVERSION = YES;
				CLANG_WARN_OBJC_ROOT_CLASS = YES_ERROR;
				CLANG_WARN_QUOTED_INCLUDE_IN_FRAMEWORK_HEADER = YES;
				CLANG_WARN_RANGE_LOOP_ANALYSIS = YES;
				CLANG_WARN_STRICT_PROTOTYPES = YES;
				CLANG_WARN_SUSPICIOUS_MOVE = YES;
				CLANG_WARN_UNGUARDED_AVAILABILITY = YES_AGGRESSIVE;
				CLANG_WARN_UNREACHABLE_CODE = YES;
				CLANG_WARN__DUPLICATE_METHOD_MATCH = YES;
				COPY_PHASE_STRIP = NO;
				DEBUG_INFORMATION_FORMAT = "dwarf-with-dsym";
				ENABLE_NS_ASSERTIONS = NO;
				ENABLE_STRICT_OBJC_MSGSEND = YES;
				GCC_C_LANGUAGE_STANDARD = gnu11;
				GCC_NO_COMMON_BLOCKS = YES;
				GCC_WARN_64_TO_32_BIT_CONVERSION = YES;
				GCC_WARN_ABOUT_RETURN_TYPE = YES_ERROR;
				GCC_WARN_UNDECLARED_SELECTOR = YES;
				GCC_WARN_UNINITIALIZED_AUTOS = YES_AGGRESSIVE;
				GCC_WARN_UNUSED_FUNCTION = YES;
				GCC_WARN_UNUSED_VARIABLE = YES;
				MACOSX_DEPLOYMENT_TARGET = 13.1;
				MTL_ENABLE_DEBUG_INFO = NO;
				MTL_FAST_MATH = YES;
				SDKROOT = macosx;
				SWIFT_COMPILATION_MODE = wholemodule;
				SWIFT_OPTIMIZATION_LEVEL = "-O";
			};
			name = Release;
		};
		CD107313298F095D00E6775A /* Debug */ = {
			isa = XCBuildConfiguration;
			buildSettings = {
				ASSETCATALOG_COMPILER_APPICON_NAME = AppIcon;
				ASSETCATALOG_COMPILER_GLOBAL_ACCENT_COLOR_NAME = AccentColor;
				CODE_SIGN_ENTITLEMENTS = "Jalapeño/Jalapen_o.entitlements";
				CODE_SIGN_STYLE = Automatic;
				COMBINE_HIDPI_IMAGES = YES;
				CURRENT_PROJECT_VERSION = 1;
				DEVELOPMENT_ASSET_PATHS = "\"Jalapeño/Preview Content\"";
				DEVELOPMENT_TEAM = HNA3JW5W4B;
				ENABLE_HARDENED_RUNTIME = YES;
				ENABLE_PREVIEWS = YES;
				GENERATE_INFOPLIST_FILE = YES;
				INFOPLIST_FILE = "Jalapen-o-Info.plist";
				INFOPLIST_KEY_NSHumanReadableCopyright = "";
				LD_RUNPATH_SEARCH_PATHS = (
					"$(inherited)",
					"@executable_path/../Frameworks",
				);
				MARKETING_VERSION = 1.0;
				PRODUCT_BUNDLE_IDENTIFIER = "com.garden.Jalapen-o";
				PRODUCT_NAME = "$(TARGET_NAME)";
				SWIFT_EMIT_LOC_STRINGS = YES;
				SWIFT_VERSION = 5.0;
			};
			name = Debug;
		};
		CD107314298F095D00E6775A /* Release */ = {
			isa = XCBuildConfiguration;
			buildSettings = {
				ASSETCATALOG_COMPILER_APPICON_NAME = AppIcon;
				ASSETCATALOG_COMPILER_GLOBAL_ACCENT_COLOR_NAME = AccentColor;
				CODE_SIGN_ENTITLEMENTS = "Jalapeño/Jalapen_o.entitlements";
				CODE_SIGN_STYLE = Automatic;
				COMBINE_HIDPI_IMAGES = YES;
				CURRENT_PROJECT_VERSION = 1;
				DEVELOPMENT_ASSET_PATHS = "\"Jalapeño/Preview Content\"";
				DEVELOPMENT_TEAM = HNA3JW5W4B;
				ENABLE_HARDENED_RUNTIME = YES;
				ENABLE_PREVIEWS = YES;
				GENERATE_INFOPLIST_FILE = YES;
				INFOPLIST_FILE = "Jalapen-o-Info.plist";
				INFOPLIST_KEY_NSHumanReadableCopyright = "";
				LD_RUNPATH_SEARCH_PATHS = (
					"$(inherited)",
					"@executable_path/../Frameworks",
				);
				MARKETING_VERSION = 1.0;
				PRODUCT_BUNDLE_IDENTIFIER = "com.garden.Jalapen-o";
				PRODUCT_NAME = "$(TARGET_NAME)";
				SWIFT_EMIT_LOC_STRINGS = YES;
				SWIFT_VERSION = 5.0;
			};
			name = Release;
		};
		CD107316298F095D00E6775A /* Debug */ = {
			isa = XCBuildConfiguration;
			buildSettings = {
				ALWAYS_EMBED_SWIFT_STANDARD_LIBRARIES = YES;
				BUNDLE_LOADER = "$(TEST_HOST)";
				CODE_SIGN_STYLE = Automatic;
				CURRENT_PROJECT_VERSION = 1;
				DEVELOPMENT_TEAM = HNA3JW5W4B;
				GENERATE_INFOPLIST_FILE = YES;
				MACOSX_DEPLOYMENT_TARGET = 13.1;
				MARKETING_VERSION = 1.0;
				PRODUCT_BUNDLE_IDENTIFIER = "com.garden.Jalapen-oTests";
				PRODUCT_NAME = "$(TARGET_NAME)";
				SWIFT_EMIT_LOC_STRINGS = NO;
				SWIFT_VERSION = 5.0;
				TEST_HOST = "$(BUILT_PRODUCTS_DIR)/Jalapeño.app/$(BUNDLE_EXECUTABLE_FOLDER_PATH)/Jalapeño";
			};
			name = Debug;
		};
		CD107317298F095D00E6775A /* Release */ = {
			isa = XCBuildConfiguration;
			buildSettings = {
				ALWAYS_EMBED_SWIFT_STANDARD_LIBRARIES = YES;
				BUNDLE_LOADER = "$(TEST_HOST)";
				CODE_SIGN_STYLE = Automatic;
				CURRENT_PROJECT_VERSION = 1;
				DEVELOPMENT_TEAM = HNA3JW5W4B;
				GENERATE_INFOPLIST_FILE = YES;
				MACOSX_DEPLOYMENT_TARGET = 13.1;
				MARKETING_VERSION = 1.0;
				PRODUCT_BUNDLE_IDENTIFIER = "com.garden.Jalapen-oTests";
				PRODUCT_NAME = "$(TARGET_NAME)";
				SWIFT_EMIT_LOC_STRINGS = NO;
				SWIFT_VERSION = 5.0;
				TEST_HOST = "$(BUILT_PRODUCTS_DIR)/Jalapeño.app/$(BUNDLE_EXECUTABLE_FOLDER_PATH)/Jalapeño";
			};
			name = Release;
		};
		CD107319298F095D00E6775A /* Debug */ = {
			isa = XCBuildConfiguration;
			buildSettings = {
				ALWAYS_EMBED_SWIFT_STANDARD_LIBRARIES = YES;
				CODE_SIGN_STYLE = Automatic;
				CURRENT_PROJECT_VERSION = 1;
				DEVELOPMENT_TEAM = HNA3JW5W4B;
				GENERATE_INFOPLIST_FILE = YES;
				MARKETING_VERSION = 1.0;
				PRODUCT_BUNDLE_IDENTIFIER = "com.garden.Jalapen-oUITests";
				PRODUCT_NAME = "$(TARGET_NAME)";
				SWIFT_EMIT_LOC_STRINGS = NO;
				SWIFT_VERSION = 5.0;
				TEST_TARGET_NAME = "Jalapeño";
			};
			name = Debug;
		};
		CD10731A298F095D00E6775A /* Release */ = {
			isa = XCBuildConfiguration;
			buildSettings = {
				ALWAYS_EMBED_SWIFT_STANDARD_LIBRARIES = YES;
				CODE_SIGN_STYLE = Automatic;
				CURRENT_PROJECT_VERSION = 1;
				DEVELOPMENT_TEAM = HNA3JW5W4B;
				GENERATE_INFOPLIST_FILE = YES;
				MARKETING_VERSION = 1.0;
				PRODUCT_BUNDLE_IDENTIFIER = "com.garden.Jalapen-oUITests";
				PRODUCT_NAME = "$(TARGET_NAME)";
				SWIFT_EMIT_LOC_STRINGS = NO;
				SWIFT_VERSION = 5.0;
				TEST_TARGET_NAME = "Jalapeño";
			};
			name = Release;
		};
/* End XCBuildConfiguration section */

/* Begin XCConfigurationList section */
		CD1072E8298F095C00E6775A /* Build configuration list for PBXProject "Jalapeño" */ = {
			isa = XCConfigurationList;
			buildConfigurations = (
				CD107310298F095D00E6775A /* Debug */,
				CD107311298F095D00E6775A /* Release */,
			);
			defaultConfigurationIsVisible = 0;
			defaultConfigurationName = Release;
		};
		CD107312298F095D00E6775A /* Build configuration list for PBXNativeTarget "Jalapeño" */ = {
			isa = XCConfigurationList;
			buildConfigurations = (
				CD107313298F095D00E6775A /* Debug */,
				CD107314298F095D00E6775A /* Release */,
			);
			defaultConfigurationIsVisible = 0;
			defaultConfigurationName = Release;
		};
		CD107315298F095D00E6775A /* Build configuration list for PBXNativeTarget "JalapeñoTests" */ = {
			isa = XCConfigurationList;
			buildConfigurations = (
				CD107316298F095D00E6775A /* Debug */,
				CD107317298F095D00E6775A /* Release */,
			);
			defaultConfigurationIsVisible = 0;
			defaultConfigurationName = Release;
		};
		CD107318298F095D00E6775A /* Build configuration list for PBXNativeTarget "JalapeñoUITests" */ = {
			isa = XCConfigurationList;
			buildConfigurations = (
				CD107319298F095D00E6775A /* Debug */,
				CD10731A298F095D00E6775A /* Release */,
			);
			defaultConfigurationIsVisible = 0;
			defaultConfigurationName = Release;
		};
/* End XCConfigurationList section */

/* Begin XCSwiftPackageProductDependency section */
		CDB35221298F13D2007E44AE /* LibJalapeño */ = {
			isa = XCSwiftPackageProductDependency;
			productName = "LibJalapeño";
		};
/* End XCSwiftPackageProductDependency section */
	};
	rootObject = CD1072E5298F095C00E6775A /* Project object */;
}
